
Microsoft Visual Studio Solution File, Format Version 12.00
# Visual Studio Version 16
VisualStudioVersion = 16.0.31624.102
MinimumVisualStudioVersion = 10.0.40219.1
Project("{FAE04EC0-301F-11D3-BF4B-00C04F79EFBC}") = "HW4_StarTask", "HW4_StarTask.csproj", "{28001E10-AC92-4A05-9349-ACD9DDC87D24}"
EndProject
Project("{FAE04EC0-301F-11D3-BF4B-00C04F79EFBC}") = "HW4_Task1", "..\HW4_Task1\HW4_Task1.csproj", "{72A15795-B634-474F-BF7D-A1C056E84354}"
EndProject
Project("{FAE04EC0-301F-11D3-BF4B-00C04F79EFBC}") = "HW4_Task2", "..\HW4_Task2\HW4_Task2.csproj", "{47A4562A-962F-4630-916D-23B58E2DB492}"
EndProject
Project("{FAE04EC0-301F-11D3-BF4B-00C04F79EFBC}") = "HW4_Task3", "..\HW4_Task3\HW4_Task3.csproj", "{56C41BF8-2D9B-40BF-8DD2-C324F3D6CC72}"
EndProject
Project("{FAE04EC0-301F-11D3-BF4B-00C04F79EFBC}") = "HW4_Task4", "..\HW4_Task4\HW4_Task4.csproj", "{A8E803FA-080A-4C76-B600-AA532DBE84C7}"
EndProject
Global
	GlobalSection(SolutionConfigurationPlatforms) = preSolution
		Debug|Any CPU = Debug|Any CPU
		Release|Any CPU = Release|Any CPU
	EndGlobalSection
	GlobalSection(ProjectConfigurationPlatforms) = postSolution
		{28001E10-AC92-4A05-9349-ACD9DDC87D24}.Debug|Any CPU.ActiveCfg = Debug|Any CPU
		{28001E10-AC92-4A05-9349-ACD9DDC87D24}.Debug|Any CPU.Build.0 = Debug|Any CPU
		{28001E10-AC92-4A05-9349-ACD9DDC87D24}.Release|Any CPU.ActiveCfg = Release|Any CPU
		{28001E10-AC92-4A05-9349-ACD9DDC87D24}.Release|Any CPU.Build.0 = Release|Any CPU
		{72A15795-B634-474F-BF7D-A1C056E84354}.Debug|Any CPU.ActiveCfg = Debug|Any CPU
		{72A15795-B634-474F-BF7D-A1C056E84354}.Debug|Any CPU.Build.0 = Debug|Any CPU
		{72A15795-B634-474F-BF7D-A1C056E84354}.Release|Any CPU.ActiveCfg = Release|Any CPU
		{72A15795-B634-474F-BF7D-A1C056E84354}.Release|Any CPU.Build.0 = Release|Any CPU
		{47A4562A-962F-4630-916D-23B58E2DB492}.Debug|Any CPU.ActiveCfg = Debug|Any CPU
		{47A4562A-962F-4630-916D-23B58E2DB492}.Debug|Any CPU.Build.0 = Debug|Any CPU
		{47A4562A-962F-4630-916D-23B58E2DB492}.Release|Any CPU.ActiveCfg = Release|Any CPU
		{47A4562A-962F-4630-916D-23B58E2DB492}.Release|Any CPU.Build.0 = Release|Any CPU
		{56C41BF8-2D9B-40BF-8DD2-C324F3D6CC72}.Debug|Any CPU.ActiveCfg = Debug|Any CPU
		{56C41BF8-2D9B-40BF-8DD2-C324F3D6CC72}.Debug|Any CPU.Build.0 = Debug|Any CPU
		{56C41BF8-2D9B-40BF-8DD2-C324F3D6CC72}.Release|Any CPU.ActiveCfg = Release|Any CPU
		{56C41BF8-2D9B-40BF-8DD2-C324F3D6CC72}.Release|Any CPU.Build.0 = Release|Any CPU
		{A8E803FA-080A-4C76-B600-AA532DBE84C7}.Debug|Any CPU.ActiveCfg = Debug|Any CPU
		{A8E803FA-080A-4C76-B600-AA532DBE84C7}.Debug|Any CPU.Build.0 = Debug|Any CPU
		{A8E803FA-080A-4C76-B600-AA532DBE84C7}.Release|Any CPU.ActiveCfg = Release|Any CPU
		{A8E803FA-080A-4C76-B600-AA532DBE84C7}.Release|Any CPU.Build.0 = Release|Any CPU
	EndGlobalSection
	GlobalSection(SolutionProperties) = preSolution
		HideSolutionNode = FALSE
	EndGlobalSection
	GlobalSection(ExtensibilityGlobals) = postSolution
		SolutionGuid = {B82CF60E-333A-48CC-ACFB-57119EC80FB9}
	EndGlobalSection
EndGlobal
