
Microsoft Visual Studio Solution File, Format Version 12.00
# Visual Studio Version 16
VisualStudioVersion = 16.0.31624.102
MinimumVisualStudioVersion = 10.0.40219.1
Project("{FAE04EC0-301F-11D3-BF4B-00C04F79EFBC}") = "HW5_Task1", "HW5_Task1.csproj", "{549DBF3B-B39D-4C5B-9A22-B53C7CB3132F}"
EndProject
Project("{FAE04EC0-301F-11D3-BF4B-00C04F79EFBC}") = "HW5_Task2", "..\HW5_Task2\HW5_Task2.csproj", "{BA243109-2217-4DC0-ADE6-7EC2BEC26D16}"
EndProject
Project("{FAE04EC0-301F-11D3-BF4B-00C04F79EFBC}") = "HW5_Task3", "..\HW5_Task3\HW5_Task3.csproj", "{B6ADD924-995E-44C5-93BA-19D7824CA8B4}"
EndProject
Global
	GlobalSection(SolutionConfigurationPlatforms) = preSolution
		Debug|Any CPU = Debug|Any CPU
		Release|Any CPU = Release|Any CPU
	EndGlobalSection
	GlobalSection(ProjectConfigurationPlatforms) = postSolution
		{549DBF3B-B39D-4C5B-9A22-B53C7CB3132F}.Debug|Any CPU.ActiveCfg = Debug|Any CPU
		{549DBF3B-B39D-4C5B-9A22-B53C7CB3132F}.Debug|Any CPU.Build.0 = Debug|Any CPU
		{549DBF3B-B39D-4C5B-9A22-B53C7CB3132F}.Release|Any CPU.ActiveCfg = Release|Any CPU
		{549DBF3B-B39D-4C5B-9A22-B53C7CB3132F}.Release|Any CPU.Build.0 = Release|Any CPU
		{BA243109-2217-4DC0-ADE6-7EC2BEC26D16}.Debug|Any CPU.ActiveCfg = Debug|Any CPU
		{BA243109-2217-4DC0-ADE6-7EC2BEC26D16}.Debug|Any CPU.Build.0 = Debug|Any CPU
		{BA243109-2217-4DC0-ADE6-7EC2BEC26D16}.Release|Any CPU.ActiveCfg = Release|Any CPU
		{BA243109-2217-4DC0-ADE6-7EC2BEC26D16}.Release|Any CPU.Build.0 = Release|Any CPU
		{B6ADD924-995E-44C5-93BA-19D7824CA8B4}.Debug|Any CPU.ActiveCfg = Debug|Any CPU
		{B6ADD924-995E-44C5-93BA-19D7824CA8B4}.Debug|Any CPU.Build.0 = Debug|Any CPU
		{B6ADD924-995E-44C5-93BA-19D7824CA8B4}.Release|Any CPU.ActiveCfg = Release|Any CPU
		{B6ADD924-995E-44C5-93BA-19D7824CA8B4}.Release|Any CPU.Build.0 = Release|Any CPU
	EndGlobalSection
	GlobalSection(SolutionProperties) = preSolution
		HideSolutionNode = FALSE
	EndGlobalSection
	GlobalSection(ExtensibilityGlobals) = postSolution
		SolutionGuid = {A8281D75-8549-4293-BE75-C58877EFBD8D}
	EndGlobalSection
EndGlobal
